// !$*UTF8*$!
{
	archiveVersion = 1;
	classes = {
	};
	objectVersion = 50;
	objects = {

/* Begin PBXBuildFile section */
		25CDBA7D240B3470008D67AA /* AppDelegate.swift in Sources */ = {isa = PBXBuildFile; fileRef = 25CDBA7C240B3470008D67AA /* AppDelegate.swift */; };
		25CDBA7F240B3470008D67AA /* SceneDelegate.swift in Sources */ = {isa = PBXBuildFile; fileRef = 25CDBA7E240B3470008D67AA /* SceneDelegate.swift */; };
		25CDBA82240B3470008D67AA /* CoreDataSwiftUI.xcdatamodeld in Sources */ = {isa = PBXBuildFile; fileRef = 25CDBA80240B3470008D67AA /* CoreDataSwiftUI.xcdatamodeld */; };
		25CDBA84240B3470008D67AA /* ContentView.swift in Sources */ = {isa = PBXBuildFile; fileRef = 25CDBA83240B3470008D67AA /* ContentView.swift */; };
		25CDBA86240B3473008D67AA /* Assets.xcassets in Resources */ = {isa = PBXBuildFile; fileRef = 25CDBA85240B3473008D67AA /* Assets.xcassets */; };
		25CDBA89240B3473008D67AA /* Preview Assets.xcassets in Resources */ = {isa = PBXBuildFile; fileRef = 25CDBA88240B3473008D67AA /* Preview Assets.xcassets */; };
		25CDBA8C240B3473008D67AA /* LaunchScreen.storyboard in Resources */ = {isa = PBXBuildFile; fileRef = 25CDBA8A240B3473008D67AA /* LaunchScreen.storyboard */; };
/* End PBXBuildFile section */

/* Begin PBXFileReference section */
		25CDBA79240B3470008D67AA /* CoreDataSwiftUI.app */ = {isa = PBXFileReference; explicitFileType = wrapper.application; includeInIndex = 0; path = CoreDataSwiftUI.app; sourceTree = BUILT_PRODUCTS_DIR; };
		25CDBA7C240B3470008D67AA /* AppDelegate.swift */ = {isa = PBXFileReference; lastKnownFileType = sourcecode.swift; path = AppDelegate.swift; sourceTree = "<group>"; };
		25CDBA7E240B3470008D67AA /* SceneDelegate.swift */ = {isa = PBXFileReference; lastKnownFileType = sourcecode.swift; path = SceneDelegate.swift; sourceTree = "<group>"; };
		25CDBA81240B3470008D67AA /* CoreDataSwiftUI.xcdatamodel */ = {isa = PBXFileReference; lastKnownFileType = wrapper.xcdatamodel; path = CoreDataSwiftUI.xcdatamodel; sourceTree = "<group>"; };
		25CDBA83240B3470008D67AA /* ContentView.swift */ = {isa = PBXFileReference; lastKnownFileType = sourcecode.swift; path = ContentView.swift; sourceTree = "<group>"; };
		25CDBA85240B3473008D67AA /* Assets.xcassets */ = {isa = PBXFileReference; lastKnownFileType = folder.assetcatalog; path = Assets.xcassets; sourceTree = "<group>"; };
		25CDBA88240B3473008D67AA /* Preview Assets.xcassets */ = {isa = PBXFileReference; lastKnownFileType = folder.assetcatalog; path = "Preview Assets.xcassets"; sourceTree = "<group>"; };
		25CDBA8B240B3473008D67AA /* Base */ = {isa = PBXFileReference; lastKnownFileType = file.storyboard; name = Base; path = Base.lproj/LaunchScreen.storyboard; sourceTree = "<group>"; };
		25CDBA8D240B3473008D67AA /* Info.plist */ = {isa = PBXFileReference; lastKnownFileType = text.plist.xml; path = Info.plist; sourceTree = "<group>"; };
/* End PBXFileReference section */

/* Begin PBXFrameworksBuildPhase section */
		25CDBA76240B3470008D67AA /* Frameworks */ = {
			isa = PBXFrameworksBuildPhase;
			buildActionMask = 2147483647;
			files = (
			);
			runOnlyForDeploymentPostprocessing = 0;
		};
/* End PBXFrameworksBuildPhase section */

/* Begin PBXGroup section */
		25CDBA70240B3470008D67AA = {
			isa = PBXGroup;
			children = (
				25CDBA7B240B3470008D67AA /* CoreDataSwiftUI */,
				25CDBA7A240B3470008D67AA /* Products */,
			);
			sourceTree = "<group>";
		};
		25CDBA7A240B3470008D67AA /* Products */ = {
			isa = PBXGroup;
			children = (
				25CDBA79240B3470008D67AA /* CoreDataSwiftUI.app */,
			);
			name = Products;
			sourceTree = "<group>";
		};
		25CDBA7B240B3470008D67AA /* CoreDataSwiftUI */ = {
			isa = PBXGroup;
			children = (
				25CDBA7C240B3470008D67AA /* AppDelegate.swift */,
				25CDBA7E240B3470008D67AA /* SceneDelegate.swift */,
				25CDBA83240B3470008D67AA /* ContentView.swift */,
				25CDBA85240B3473008D67AA /* Assets.xcassets */,
				25CDBA8A240B3473008D67AA /* LaunchScreen.storyboard */,
				25CDBA8D240B3473008D67AA /* Info.plist */,
				25CDBA80240B3470008D67AA /* CoreDataSwiftUI.xcdatamodeld */,
				25CDBA87240B3473008D67AA /* Preview Content */,
			);
			path = CoreDataSwiftUI;
			sourceTree = "<group>";
		};
		25CDBA87240B3473008D67AA /* Preview Content */ = {
			isa = PBXGroup;
			children = (
				25CDBA88240B3473008D67AA /* Preview Assets.xcassets */,
			);
			path = "Preview Content";
			sourceTree = "<group>";
		};
/* End PBXGroup section */

/* Begin PBXNativeTarget section */
		25CDBA78240B3470008D67AA /* CoreDataSwiftUI */ = {
			isa = PBXNativeTarget;
			buildConfigurationList = 25CDBA90240B3473008D67AA /* Build configuration list for PBXNativeTarget "CoreDataSwiftUI" */;
			buildPhases = (
				25CDBA75240B3470008D67AA /* Sources */,
				25CDBA76240B3470008D67AA /* Frameworks */,
				25CDBA77240B3470008D67AA /* Resources */,
			);
			buildRules = (
			);
			dependencies = (
			);
			name = CoreDataSwiftUI;
			productName = CoreDataSwiftUI;
			productReference = 25CDBA79240B3470008D67AA /* CoreDataSwiftUI.app */;
			productType = "com.apple.product-type.application";
		};
/* End PBXNativeTarget section */

/* Begin PBXProject section */
		25CDBA71240B3470008D67AA /* Project object */ = {
			isa = PBXProject;
			attributes = {
				LastSwiftUpdateCheck = 1130;
				LastUpgradeCheck = 1130;
				ORGANIZATIONNAME = Venkatesh;
				TargetAttributes = {
					25CDBA78240B3470008D67AA = {
						CreatedOnToolsVersion = 11.3.1;
					};
				};
			};
			buildConfigurationList = 25CDBA74240B3470008D67AA /* Build configuration list for PBXProject "CoreDataSwiftUI" */;
			compatibilityVersion = "Xcode 9.3";
			developmentRegion = en;
			hasScannedForEncodings = 0;
			knownRegions = (
				en,
				Base,
			);
			mainGroup = 25CDBA70240B3470008D67AA;
			productRefGroup = 25CDBA7A240B3470008D67AA /* Products */;
			projectDirPath = "";
			projectRoot = "";
			targets = (
				25CDBA78240B3470008D67AA /* CoreDataSwiftUI */,
			);
		};
/* End PBXProject section */

/* Begin PBXResourcesBuildPhase section */
		25CDBA77240B3470008D67AA /* Resources */ = {
			isa = PBXResourcesBuildPhase;
			buildActionMask = 2147483647;
			files = (
				25CDBA8C240B3473008D67AA /* LaunchScreen.storyboard in Resources */,
				25CDBA89240B3473008D67AA /* Preview Assets.xcassets in Resources */,
				25CDBA86240B3473008D67AA /* Assets.xcassets in Resources */,
			);
			runOnlyForDeploymentPostprocessing = 0;
		};
/* End PBXResourcesBuildPhase section */

/* Begin PBXSourcesBuildPhase section */
		25CDBA75240B3470008D67AA /* Sources */ = {
			isa = PBXSourcesBuildPhase;
			buildActionMask = 2147483647;
			files = (
				25CDBA82240B3470008D67AA /* CoreDataSwiftUI.xcdatamodeld in Sources */,
				25CDBA7D240B3470008D67AA /* AppDelegate.swift in Sources */,
				25CDBA84240B3470008D67AA /* ContentView.swift in Sources */,
				25CDBA7F240B3470008D67AA /* SceneDelegate.swift in Sources */,
			);
			runOnlyForDeploymentPostprocessing = 0;
		};
/* End PBXSourcesBuildPhase section */

/* Begin PBXVariantGroup section */
		25CDBA8A240B3473008D67AA /* LaunchScreen.storyboard */ = {
			isa = PBXVariantGroup;
			children = (
				25CDBA8B240B3473008D67AA /* Base */,
			);
			name = LaunchScreen.storyboard;
			sourceTree = "<group>";
		};
/* End PBXVariantGroup section */

/* Begin XCBuildConfiguration section */
		25CDBA8E240B3473008D67AA /* Debug */ = {
			isa = XCBuildConfiguration;
			buildSettings = {
				ALWAYS_SEARCH_USER_PATHS = NO;
				CLANG_ANALYZER_NONNULL = YES;
				CLANG_ANALYZER_NUMBER_OBJECT_CONVERSION = YES_AGGRESSIVE;
				CLANG_CXX_LANGUAGE_STANDARD = "gnu++14";
				CLANG_CXX_LIBRARY = "libc++";
				CLANG_ENABLE_MODULES = YES;
				CLANG_ENABLE_OBJC_ARC = YES;
				CLANG_ENABLE_OBJC_WEAK = YES;
				CLANG_WARN_BLOCK_CAPTURE_AUTORELEASING = YES;
				CLANG_WARN_BOOL_CONVERSION = YES;
				CLANG_WARN_COMMA = YES;
				CLANG_WARN_CONSTANT_CONVERSION = YES;
				CLANG_WARN_DEPRECATED_OBJC_IMPLEMENTATIONS = YES;
				CLANG_WARN_DIRECT_OBJC_ISA_USAGE = YES_ERROR;
				CLANG_WARN_DOCUMENTATION_COMMENTS = YES;
				CLANG_WARN_EMPTY_BODY = YES;
				CLANG_WARN_ENUM_CONVERSION = YES;
				CLANG_WARN_INFINITE_RECURSION = YES;
				CLANG_WARN_INT_CONVERSION = YES;
				CLANG_WARN_NON_LITERAL_NULL_CONVERSION = YES;
				CLANG_WARN_OBJC_IMPLICIT_RETAIN_SELF = YES;
				CLANG_WARN_OBJC_LITERAL_CONVERSION = YES;
				CLANG_WARN_OBJC_ROOT_CLASS = YES_ERROR;
				CLANG_WARN_RANGE_LOOP_ANALYSIS = YES;
				CLANG_WARN_STRICT_PROTOTYPES = YES;
				CLANG_WARN_SUSPICIOUS_MOVE = YES;
				CLANG_WARN_UNGUARDED_AVAILABILITY = YES_AGGRESSIVE;
				CLANG_WARN_UNREACHABLE_CODE = YES;
				CLANG_WARN__DUPLICATE_METHOD_MATCH = YES;
				COPY_PHASE_STRIP = NO;
				DEBUG_INFORMATION_FORMAT = dwarf;
				ENABLE_STRICT_OBJC_MSGSEND = YES;
				ENABLE_TESTABILITY = YES;
				GCC_C_LANGUAGE_STANDARD = gnu11;
				GCC_DYNAMIC_NO_PIC = NO;
				GCC_NO_COMMON_BLOCKS = YES;
				GCC_OPTIMIZATION_LEVEL = 0;
				GCC_PREPROCESSOR_DEFINITIONS = (
					"DEBUG=1",
					"$(inherited)",
				);
				GCC_WARN_64_TO_32_BIT_CONVERSION = YES;
				GCC_WARN_ABOUT_RETURN_TYPE = YES_ERROR;
				GCC_WARN_UNDECLARED_SELECTOR = YES;
				GCC_WARN_UNINITIALIZED_AUTOS = YES_AGGRESSIVE;
				GCC_WARN_UNUSED_FUNCTION = YES;
				GCC_WARN_UNUSED_VARIABLE = YES;
				IPHONEOS_DEPLOYMENT_TARGET = 13.2;
				MTL_ENABLE_DEBUG_INFO = INCLUDE_SOURCE;
				MTL_FAST_MATH = YES;
				ONLY_ACTIVE_ARCH = YES;
				SDKROOT = iphoneos;
				SWIFT_ACTIVE_COMPILATION_CONDITIONS = DEBUG;
				SWIFT_OPTIMIZATION_LEVEL = "-Onone";
			};
			name = Debug;
		};
		25CDBA8F240B3473008D67AA /* Release */ = {
			isa = XCBuildConfiguration;
			buildSettings = {
				ALWAYS_SEARCH_USER_PATHS = NO;
				CLANG_ANALYZER_NONNULL = YES;
				CLANG_ANALYZER_NUMBER_OBJECT_CONVERSION = YES_AGGRESSIVE;
				CLANG_CXX_LANGUAGE_STANDARD = "gnu++14";
				CLANG_CXX_LIBRARY = "libc++";
				CLANG_ENABLE_MODULES = YES;
				CLANG_ENABLE_OBJC_ARC = YES;
				CLANG_ENABLE_OBJC_WEAK = YES;
				CLANG_WARN_BLOCK_CAPTURE_AUTORELEASING = YES;
				CLANG_WARN_BOOL_CONVERSION = YES;
				CLANG_WARN_COMMA = YES;
				CLANG_WARN_CONSTANT_CONVERSION = YES;
				CLANG_WARN_DEPRECATED_OBJC_IMPLEMENTATIONS = YES;
				CLANG_WARN_DIRECT_OBJC_ISA_USAGE = YES_ERROR;
				CLANG_WARN_DOCUMENTATION_COMMENTS = YES;
				CLANG_WARN_EMPTY_BODY = YES;
				CLANG_WARN_ENUM_CONVERSION = YES;
				CLANG_WARN_INFINITE_RECURSION = YES;
				CLANG_WARN_INT_CONVERSION = YES;
				CLANG_WARN_NON_LITERAL_NULL_CONVERSION = YES;
				CLANG_WARN_OBJC_IMPLICIT_RETAIN_SELF = YES;
				CLANG_WARN_OBJC_LITERAL_CONVERSION = YES;
				CLANG_WARN_OBJC_ROOT_CLASS = YES_ERROR;
				CLANG_WARN_RANGE_LOOP_ANALYSIS = YES;
				CLANG_WARN_STRICT_PROTOTYPES = YES;
				CLANG_WARN_SUSPICIOUS_MOVE = YES;
				CLANG_WARN_UNGUARDED_AVAILABILITY = YES_AGGRESSIVE;
				CLANG_WARN_UNREACHABLE_CODE = YES;
				CLANG_WARN__DUPLICATE_METHOD_MATCH = YES;
				COPY_PHASE_STRIP = NO;
				DEBUG_INFORMATION_FORMAT = "dwarf-with-dsym";
				ENABLE_NS_ASSERTIONS = NO;
				ENABLE_STRICT_OBJC_MSGSEND = YES;
				GCC_C_LANGUAGE_STANDARD = gnu11;
				GCC_NO_COMMON_BLOCKS = YES;
				GCC_WARN_64_TO_32_BIT_CONVERSION = YES;
				GCC_WARN_ABOUT_RETURN_TYPE = YES_ERROR;
				GCC_WARN_UNDECLARED_SELECTOR = YES;
				GCC_WARN_UNINITIALIZED_AUTOS = YES_AGGRESSIVE;
				GCC_WARN_UNUSED_FUNCTION = YES;
				GCC_WARN_UNUSED_VARIABLE = YES;
				IPHONEOS_DEPLOYMENT_TARGET = 13.2;
				MTL_ENABLE_DEBUG_INFO = NO;
				MTL_FAST_MATH = YES;
				SDKROOT = iphoneos;
				SWIFT_COMPILATION_MODE = wholemodule;
				SWIFT_OPTIMIZATION_LEVEL = "-O";
				VALIDATE_PRODUCT = YES;
			};
			name = Release;
		};
		25CDBA91240B3473008D67AA /* Debug */ = {
			isa = XCBuildConfiguration;
			buildSettings = {
				ASSETCATALOG_COMPILER_APPICON_NAME = AppIcon;
				CODE_SIGN_STYLE = Automatic;
				DEVELOPMENT_ASSET_PATHS = "\"CoreDataSwiftUI/Preview Content\"";
				ENABLE_PREVIEWS = YES;
				INFOPLIST_FILE = CoreDataSwiftUI/Info.plist;
				LD_RUNPATH_SEARCH_PATHS = (
					"$(inherited)",
					"@executable_path/Frameworks",
				);
				PRODUCT_BUNDLE_IDENTIFIER = com.venkat.CoreDataSwiftUI;
				PRODUCT_NAME = "$(TARGET_NAME)";
				SWIFT_VERSION = 5.0;
				TARGETED_DEVICE_FAMILY = "1,2";
			};
			name = Debug;
		};
		25CDBA92240B3473008D67AA /* Release */ = {
			isa = XCBuildConfiguration;
			buildSettings = {
				ASSETCATALOG_COMPILER_APPICON_NAME = AppIcon;
				CODE_SIGN_STYLE = Automatic;
				DEVELOPMENT_ASSET_PATHS = "\"CoreDataSwiftUI/Preview Content\"";
				ENABLE_PREVIEWS = YES;
				INFOPLIST_FILE = CoreDataSwiftUI/Info.plist;
				LD_RUNPATH_SEARCH_PATHS = (
					"$(inherited)",
					"@executable_path/Frameworks",
				);
				PRODUCT_BUNDLE_IDENTIFIER = com.venkat.CoreDataSwiftUI;
				PRODUCT_NAME = "$(TARGET_NAME)";
				SWIFT_VERSION = 5.0;
				TARGETED_DEVICE_FAMILY = "1,2";
			};
			name = Release;
		};
/* End XCBuildConfiguration section */

/* Begin XCConfigurationList section */
		25CDBA74240B3470008D67AA /* Build configuration list for PBXProject "CoreDataSwiftUI" */ = {
			isa = XCConfigurationList;
			buildConfigurations = (
				25CDBA8E240B3473008D67AA /* Debug */,
				25CDBA8F240B3473008D67AA /* Release */,
			);
			defaultConfigurationIsVisible = 0;
			defaultConfigurationName = Release;
		};
		25CDBA90240B3473008D67AA /* Build configuration list for PBXNativeTarget "CoreDataSwiftUI" */ = {
			isa = XCConfigurationList;
			buildConfigurations = (
				25CDBA91240B3473008D67AA /* Debug */,
				25CDBA92240B3473008D67AA /* Release */,
			);
			defaultConfigurationIsVisible = 0;
			defaultConfigurationName = Release;
		};
/* End XCConfigurationList section */

/* Begin XCVersionGroup section */
		25CDBA80240B3470008D67AA /* CoreDataSwiftUI.xcdatamodeld */ = {
			isa = XCVersionGroup;
			children = (
				25CDBA81240B3470008D67AA /* CoreDataSwiftUI.xcdatamodel */,
			);
			currentVersion = 25CDBA81240B3470008D67AA /* CoreDataSwiftUI.xcdatamodel */;
			path = CoreDataSwiftUI.xcdatamodeld;
			sourceTree = "<group>";
			versionGroupType = wrapper.xcdatamodel;
		};
/* End XCVersionGroup section */
	};
	rootObject = 25CDBA71240B3470008D67AA /* Project object */;
}
